
Microsoft Visual Studio Solution File, Format Version 12.00
# Visual Studio Version 17
VisualStudioVersion = 17.2.32630.192
MinimumVisualStudioVersion = 10.0.40219.1
Project("{FAE04EC0-301F-11D3-BF4B-00C04F79EFBC}") = "HTMLPractice", "HTMLPractice\HTMLPractice.csproj", "{C6C53891-9029-42BC-AC26-8EC0CA45D9E9}"
EndProject
Project("{FAE04EC0-301F-11D3-BF4B-00C04F79EFBC}") = "Lab 8.1 PersonalWebsite", "Lab 8.1 PersonalWebsite\Lab 8.1 PersonalWebsite.csproj", "{13FF661A-4B3D-4028-A8DD-B8796914DC93}"
EndProject
Global
	GlobalSection(SolutionConfigurationPlatforms) = preSolution
		Debug|Any CPU = Debug|Any CPU
		Release|Any CPU = Release|Any CPU
	EndGlobalSection
	GlobalSection(ProjectConfigurationPlatforms) = postSolution
		{C6C53891-9029-42BC-AC26-8EC0CA45D9E9}.Debug|Any CPU.ActiveCfg = Debug|Any CPU
		{C6C53891-9029-42BC-AC26-8EC0CA45D9E9}.Debug|Any CPU.Build.0 = Debug|Any CPU
		{C6C53891-9029-42BC-AC26-8EC0CA45D9E9}.Release|Any CPU.ActiveCfg = Release|Any CPU
		{C6C53891-9029-42BC-AC26-8EC0CA45D9E9}.Release|Any CPU.Build.0 = Release|Any CPU
		{13FF661A-4B3D-4028-A8DD-B8796914DC93}.Debug|Any CPU.ActiveCfg = Debug|Any CPU
		{13FF661A-4B3D-4028-A8DD-B8796914DC93}.Debug|Any CPU.Build.0 = Debug|Any CPU
		{13FF661A-4B3D-4028-A8DD-B8796914DC93}.Release|Any CPU.ActiveCfg = Release|Any CPU
		{13FF661A-4B3D-4028-A8DD-B8796914DC93}.Release|Any CPU.Build.0 = Release|Any CPU
	EndGlobalSection
	GlobalSection(SolutionProperties) = preSolution
		HideSolutionNode = FALSE
	EndGlobalSection
	GlobalSection(ExtensibilityGlobals) = postSolution
		SolutionGuid = {6131170A-7BD3-4E47-9DB2-56FDC0A6B3F7}
	EndGlobalSection
EndGlobal
