
Microsoft Visual Studio Solution File, Format Version 12.00
# Visual Studio Version 17
VisualStudioVersion = 17.2.32630.192
MinimumVisualStudioVersion = 10.0.40219.1
Project("{9A19103F-16F7-4668-BE54-9A1E7A4F7556}") = "HTMLPractice", "HTMLPractice\HTMLPractice.csproj", "{C6C53891-9029-42BC-AC26-8EC0CA45D9E9}"
EndProject
Project("{9A19103F-16F7-4668-BE54-9A1E7A4F7556}") = "Lab 8.1 PersonalWebsite", "Lab 8.1 PersonalWebsite\Lab 8.1 PersonalWebsite.csproj", "{13FF661A-4B3D-4028-A8DD-B8796914DC93}"
EndProject
Project("{FAE04EC0-301F-11D3-BF4B-00C04F79EFBC}") = "FormDemo", "FormDemo\FormDemo.csproj", "{229AABBD-581D-4C33-AD73-0E565CFA5842}"
EndProject
Project("{FAE04EC0-301F-11D3-BF4B-00C04F79EFBC}") = "ControllerPractice1", "ControllerPractice1\ControllerPractice1.csproj", "{BC1D4213-87E8-46F4-B85E-23532AB6A616}"
EndProject
Project("{FAE04EC0-301F-11D3-BF4B-00C04F79EFBC}") = "Lab 8.2 Coffee Shop Registration", "Lab 8.2 Coffee Shop Registration\Lab 8.2 Coffee Shop Registration.csproj", "{0C8555B2-DF69-4A5D-8E6B-3F8A2D1F70A6}"
EndProject
Global
	GlobalSection(SolutionConfigurationPlatforms) = preSolution
		Debug|Any CPU = Debug|Any CPU
		Release|Any CPU = Release|Any CPU
	EndGlobalSection
	GlobalSection(ProjectConfigurationPlatforms) = postSolution
		{C6C53891-9029-42BC-AC26-8EC0CA45D9E9}.Debug|Any CPU.ActiveCfg = Debug|Any CPU
		{C6C53891-9029-42BC-AC26-8EC0CA45D9E9}.Debug|Any CPU.Build.0 = Debug|Any CPU
		{C6C53891-9029-42BC-AC26-8EC0CA45D9E9}.Release|Any CPU.ActiveCfg = Release|Any CPU
		{C6C53891-9029-42BC-AC26-8EC0CA45D9E9}.Release|Any CPU.Build.0 = Release|Any CPU
		{13FF661A-4B3D-4028-A8DD-B8796914DC93}.Debug|Any CPU.ActiveCfg = Debug|Any CPU
		{13FF661A-4B3D-4028-A8DD-B8796914DC93}.Debug|Any CPU.Build.0 = Debug|Any CPU
		{13FF661A-4B3D-4028-A8DD-B8796914DC93}.Release|Any CPU.ActiveCfg = Release|Any CPU
		{13FF661A-4B3D-4028-A8DD-B8796914DC93}.Release|Any CPU.Build.0 = Release|Any CPU
		{229AABBD-581D-4C33-AD73-0E565CFA5842}.Debug|Any CPU.ActiveCfg = Debug|Any CPU
		{229AABBD-581D-4C33-AD73-0E565CFA5842}.Debug|Any CPU.Build.0 = Debug|Any CPU
		{229AABBD-581D-4C33-AD73-0E565CFA5842}.Release|Any CPU.ActiveCfg = Release|Any CPU
		{229AABBD-581D-4C33-AD73-0E565CFA5842}.Release|Any CPU.Build.0 = Release|Any CPU
		{BC1D4213-87E8-46F4-B85E-23532AB6A616}.Debug|Any CPU.ActiveCfg = Debug|Any CPU
		{BC1D4213-87E8-46F4-B85E-23532AB6A616}.Debug|Any CPU.Build.0 = Debug|Any CPU
		{BC1D4213-87E8-46F4-B85E-23532AB6A616}.Release|Any CPU.ActiveCfg = Release|Any CPU
		{BC1D4213-87E8-46F4-B85E-23532AB6A616}.Release|Any CPU.Build.0 = Release|Any CPU
		{0C8555B2-DF69-4A5D-8E6B-3F8A2D1F70A6}.Debug|Any CPU.ActiveCfg = Debug|Any CPU
		{0C8555B2-DF69-4A5D-8E6B-3F8A2D1F70A6}.Debug|Any CPU.Build.0 = Debug|Any CPU
		{0C8555B2-DF69-4A5D-8E6B-3F8A2D1F70A6}.Release|Any CPU.ActiveCfg = Release|Any CPU
		{0C8555B2-DF69-4A5D-8E6B-3F8A2D1F70A6}.Release|Any CPU.Build.0 = Release|Any CPU
	EndGlobalSection
	GlobalSection(SolutionProperties) = preSolution
		HideSolutionNode = FALSE
	EndGlobalSection
	GlobalSection(ExtensibilityGlobals) = postSolution
		SolutionGuid = {6131170A-7BD3-4E47-9DB2-56FDC0A6B3F7}
	EndGlobalSection
EndGlobal
